
Microsoft Visual Studio Solution File, Format Version 12.00
# Visual Studio Version 16
VisualStudioVersion = 16.0.30523.141
MinimumVisualStudioVersion = 10.0.40219.1
Project("{FAE04EC0-301F-11D3-BF4B-00C04F79EFBC}") = "DotNetTeam7API", "DotNetTeam7API\DotNetTeam7API.csproj", "{023681A0-91B3-4818-9264-59E2063E97ED}"
EndProject
Global
	GlobalSection(SolutionConfigurationPlatforms) = preSolution
		Debug|Any CPU = Debug|Any CPU
		Release|Any CPU = Release|Any CPU
	EndGlobalSection
	GlobalSection(ProjectConfigurationPlatforms) = postSolution
		{023681A0-91B3-4818-9264-59E2063E97ED}.Debug|Any CPU.ActiveCfg = Debug|Any CPU
		{023681A0-91B3-4818-9264-59E2063E97ED}.Debug|Any CPU.Build.0 = Debug|Any CPU
		{023681A0-91B3-4818-9264-59E2063E97ED}.Release|Any CPU.ActiveCfg = Release|Any CPU
		{023681A0-91B3-4818-9264-59E2063E97ED}.Release|Any CPU.Build.0 = Release|Any CPU
	EndGlobalSection
	GlobalSection(SolutionProperties) = preSolution
		HideSolutionNode = FALSE
	EndGlobalSection
	GlobalSection(ExtensibilityGlobals) = postSolution
		SolutionGuid = {FD0E4FA3-9329-4F61-8887-4B0EEF6D82CC}
	EndGlobalSection
EndGlobal
